
Microsoft Visual Studio Solution File, Format Version 12.00
# Visual Studio Version 17
VisualStudioVersion = 17.10.34916.146
MinimumVisualStudioVersion = 10.0.40219.1
Project("{FAE04EC0-301F-11D3-BF4B-00C04F79EFBC}") = "ITMO.WFapp.Lab02.FirstTask", "ITMO.WFapp.Lab02.FirstTask\ITMO.WFapp.Lab02.FirstTask.csproj", "{3DD00EDF-07BE-4CFA-A0A4-9AC39E0BABD6}"
EndProject
Project("{FAE04EC0-301F-11D3-BF4B-00C04F79EFBC}") = "ITMO.WFapp.Lab02.SecondTask", "ITMO.WFapp.Lab02.SecondTask\ITMO.WFapp.Lab02.SecondTask.csproj", "{E3035F42-B8FF-4657-B21F-EAD8E11D7873}"
EndProject
Project("{FAE04EC0-301F-11D3-BF4B-00C04F79EFBC}") = "ITMO.WFapp.Lab02.FifthTask", "ITMO.WFapp.Lab02.FifthTask\ITMO.WFapp.Lab02.FifthTask.csproj", "{0738144A-D7AC-4FF2-AFE5-8138DC7D4FBA}"
EndProject
Project("{FAE04EC0-301F-11D3-BF4B-00C04F79EFBC}") = "ITMO.WFapp.Lab02.ThirdTask", "ITMO.WFapp.Lab02.ThirdTask\ITMO.WFapp.Lab02.ThirdTask.csproj", "{B01E490B-A974-44D5-9F52-D60E90468572}"
EndProject
Project("{FAE04EC0-301F-11D3-BF4B-00C04F79EFBC}") = "ITMO.WFapp.Lab02.FourthTask", "ITMO.WFapp.Lab02.FourthTask\ITMO.WFapp.Lab02.FourthTask.csproj", "{0FBDE017-6A05-4FCF-B212-F5D6F7A61626}"
EndProject
Global
	GlobalSection(SolutionConfigurationPlatforms) = preSolution
		Debug|Any CPU = Debug|Any CPU
		Release|Any CPU = Release|Any CPU
	EndGlobalSection
	GlobalSection(ProjectConfigurationPlatforms) = postSolution
		{3DD00EDF-07BE-4CFA-A0A4-9AC39E0BABD6}.Debug|Any CPU.ActiveCfg = Debug|Any CPU
		{3DD00EDF-07BE-4CFA-A0A4-9AC39E0BABD6}.Debug|Any CPU.Build.0 = Debug|Any CPU
		{3DD00EDF-07BE-4CFA-A0A4-9AC39E0BABD6}.Release|Any CPU.ActiveCfg = Release|Any CPU
		{3DD00EDF-07BE-4CFA-A0A4-9AC39E0BABD6}.Release|Any CPU.Build.0 = Release|Any CPU
		{E3035F42-B8FF-4657-B21F-EAD8E11D7873}.Debug|Any CPU.ActiveCfg = Debug|Any CPU
		{E3035F42-B8FF-4657-B21F-EAD8E11D7873}.Debug|Any CPU.Build.0 = Debug|Any CPU
		{E3035F42-B8FF-4657-B21F-EAD8E11D7873}.Release|Any CPU.ActiveCfg = Release|Any CPU
		{E3035F42-B8FF-4657-B21F-EAD8E11D7873}.Release|Any CPU.Build.0 = Release|Any CPU
		{0738144A-D7AC-4FF2-AFE5-8138DC7D4FBA}.Debug|Any CPU.ActiveCfg = Debug|Any CPU
		{0738144A-D7AC-4FF2-AFE5-8138DC7D4FBA}.Debug|Any CPU.Build.0 = Debug|Any CPU
		{0738144A-D7AC-4FF2-AFE5-8138DC7D4FBA}.Release|Any CPU.ActiveCfg = Release|Any CPU
		{0738144A-D7AC-4FF2-AFE5-8138DC7D4FBA}.Release|Any CPU.Build.0 = Release|Any CPU
		{B01E490B-A974-44D5-9F52-D60E90468572}.Debug|Any CPU.ActiveCfg = Debug|Any CPU
		{B01E490B-A974-44D5-9F52-D60E90468572}.Debug|Any CPU.Build.0 = Debug|Any CPU
		{B01E490B-A974-44D5-9F52-D60E90468572}.Release|Any CPU.ActiveCfg = Release|Any CPU
		{B01E490B-A974-44D5-9F52-D60E90468572}.Release|Any CPU.Build.0 = Release|Any CPU
		{0FBDE017-6A05-4FCF-B212-F5D6F7A61626}.Debug|Any CPU.ActiveCfg = Debug|Any CPU
		{0FBDE017-6A05-4FCF-B212-F5D6F7A61626}.Debug|Any CPU.Build.0 = Debug|Any CPU
		{0FBDE017-6A05-4FCF-B212-F5D6F7A61626}.Release|Any CPU.ActiveCfg = Release|Any CPU
		{0FBDE017-6A05-4FCF-B212-F5D6F7A61626}.Release|Any CPU.Build.0 = Release|Any CPU
	EndGlobalSection
	GlobalSection(SolutionProperties) = preSolution
		HideSolutionNode = FALSE
	EndGlobalSection
	GlobalSection(ExtensibilityGlobals) = postSolution
		SolutionGuid = {C8F33B3E-A58F-40F4-AE31-86626F0312C9}
	EndGlobalSection
EndGlobal
